{
  "pins" : [
    {
      "identity" : "lottie-ios",
      "kind" : "remoteSourceControl",
      "location" : "https://github.com/airbnb/lottie-ios.git",
      "state" : {
        "revision" : "f4db77d7feacba0c2360b84a40c38a6ce8ff399d",
        "version" : "4.6.1"
      }
    },
    {
      "identity" : "snapkit",
      "kind" : "remoteSourceControl",
      "location" : "https://github.com/SnapKit/SnapKit.git",
      "state" : {
        "revision" : "2842e6e84e82eb9a8dac0100ca90d9444b0307f4",
        "version" : "5.7.1"
      }
    },
    {
      "identity" : "zing-coach-ios-tools",
      "kind" : "remoteSourceControl",
      "location" : "https://github.com/Muze-Fitness/zing-coach-ios-tools",
      "state" : {
        "revision" : "c9a27a148369f3f624b2f5894f3b07b49028cfb8",
        "version" : "1.6.0"
      }
    },
    {
      "identity" : "zing-coach-sdk-ios",
      "kind" : "remoteSourceControl",
      "location" : "https://github.com/Muze-Fitness/zing-coach-sdk-ios",
      "state" : {
        "revision" : "8bdcbbbec191795401e119b5ba0e673ca5c5fb8e",
        "version" : "2.1.0"
      }
    }
  ],
  "version" : 2
}
